{
    "name": "judo-errors",
    "version": "0.0.0",
    "lockfileVersion": 2,
    "requires": true,
    "packages": {
        "": {
            "name": "judo-errors",
            "version": "0.0.0",
            "license": "AGPL-3.0-or-later",
            "dependencies": {
                "judo-errors": "^0.0.0"
            }
        },
        "node_modules/judo-errors": {
            "version": "0.0.0",
            "resolved": "https://registry.npmjs.org/judo-errors/-/judo-errors-0.0.0.tgz",
            "integrity": "sha512-1C19BVpamUzi0c34bb4iaR9cV7aNo9+L/+fxEIZzcwE35ATqG5gw7ebd1zHoyf2hzKuK3qEnhIqNz849gdaHhQ=="
        }
    },
    "dependencies": {
        "judo-errors": {
            "version": "0.0.0",
            "resolved": "https://registry.npmjs.org/judo-errors/-/judo-errors-0.0.0.tgz",
            "integrity": "sha512-1C19BVpamUzi0c34bb4iaR9cV7aNo9+L/+fxEIZzcwE35ATqG5gw7ebd1zHoyf2hzKuK3qEnhIqNz849gdaHhQ=="
        }
    }
}
